
Microsoft Visual Studio Solution File, Format Version 12.00
# Visual Studio Version 16
VisualStudioVersion = 16.0.809.4
MinimumVisualStudioVersion = 10.0.40219.1
Project("{FAE04EC0-301F-11D3-BF4B-00C04F79EFBC}") = "AbstractFactoryTest", "AbstractFactoryTest.csproj", "{C6635639-6DB0-4665-81FF-5D159C1CE17A}"
EndProject
Global
	GlobalSection(SolutionConfigurationPlatforms) = preSolution
		Debug|Any CPU = Debug|Any CPU
		Release|Any CPU = Release|Any CPU
	EndGlobalSection
	GlobalSection(ProjectConfigurationPlatforms) = postSolution
		{C6635639-6DB0-4665-81FF-5D159C1CE17A}.Debug|Any CPU.ActiveCfg = Debug|Any CPU
		{C6635639-6DB0-4665-81FF-5D159C1CE17A}.Debug|Any CPU.Build.0 = Debug|Any CPU
		{C6635639-6DB0-4665-81FF-5D159C1CE17A}.Release|Any CPU.ActiveCfg = Release|Any CPU
		{C6635639-6DB0-4665-81FF-5D159C1CE17A}.Release|Any CPU.Build.0 = Release|Any CPU
	EndGlobalSection
	GlobalSection(SolutionProperties) = preSolution
		HideSolutionNode = FALSE
	EndGlobalSection
	GlobalSection(ExtensibilityGlobals) = postSolution
		SolutionGuid = {FA4C4A34-1AFF-4B0E-B133-3346800CCEFF}
	EndGlobalSection
EndGlobal
