
Microsoft Visual Studio Solution File, Format Version 12.00
# Visual Studio Version 16
VisualStudioVersion = 16.0.809.4
MinimumVisualStudioVersion = 10.0.40219.1
Project("{FAE04EC0-301F-11D3-BF4B-00C04F79EFBC}") = "WishList.Test", "WishList.Test.csproj", "{DDEEAC28-14AE-4B3B-9BE9-562D5AF276BC}"
EndProject
Global
	GlobalSection(SolutionConfigurationPlatforms) = preSolution
		Debug|Any CPU = Debug|Any CPU
		Release|Any CPU = Release|Any CPU
	EndGlobalSection
	GlobalSection(ProjectConfigurationPlatforms) = postSolution
		{DDEEAC28-14AE-4B3B-9BE9-562D5AF276BC}.Debug|Any CPU.ActiveCfg = Debug|Any CPU
		{DDEEAC28-14AE-4B3B-9BE9-562D5AF276BC}.Debug|Any CPU.Build.0 = Debug|Any CPU
		{DDEEAC28-14AE-4B3B-9BE9-562D5AF276BC}.Release|Any CPU.ActiveCfg = Release|Any CPU
		{DDEEAC28-14AE-4B3B-9BE9-562D5AF276BC}.Release|Any CPU.Build.0 = Release|Any CPU
	EndGlobalSection
	GlobalSection(SolutionProperties) = preSolution
		HideSolutionNode = FALSE
	EndGlobalSection
	GlobalSection(ExtensibilityGlobals) = postSolution
		SolutionGuid = {8FADC2C4-5EAC-47B9-8241-2FAB27F5D3C8}
	EndGlobalSection
EndGlobal
