
Microsoft Visual Studio Solution File, Format Version 12.00
# Visual Studio Version 16
VisualStudioVersion = 16.0.810.7
MinimumVisualStudioVersion = 10.0.40219.1
Project("{FAE04EC0-301F-11D3-BF4B-00C04F79EFBC}") = "OperationResult", "OperationResult.csproj", "{A111B411-309A-483F-A2A8-E0675116A1BC}"
EndProject
Project("{2150E333-8FDC-42A3-9474-1A3956D46DE8}") = "Solution Items", "Solution Items", "{5B895F9F-77A9-42AF-9177-BB1C1165036F}"
EndProject
Global
	GlobalSection(SolutionConfigurationPlatforms) = preSolution
		Debug|Any CPU = Debug|Any CPU
		Release|Any CPU = Release|Any CPU
	EndGlobalSection
	GlobalSection(ProjectConfigurationPlatforms) = postSolution
		{A111B411-309A-483F-A2A8-E0675116A1BC}.Debug|Any CPU.ActiveCfg = Debug|Any CPU
		{A111B411-309A-483F-A2A8-E0675116A1BC}.Debug|Any CPU.Build.0 = Debug|Any CPU
		{A111B411-309A-483F-A2A8-E0675116A1BC}.Release|Any CPU.ActiveCfg = Release|Any CPU
		{A111B411-309A-483F-A2A8-E0675116A1BC}.Release|Any CPU.Build.0 = Release|Any CPU
	EndGlobalSection
	GlobalSection(SolutionProperties) = preSolution
		HideSolutionNode = FALSE
	EndGlobalSection
	GlobalSection(ExtensibilityGlobals) = postSolution
		SolutionGuid = {646797FB-AB58-4513-B2AF-2D71DC676DBF}
	EndGlobalSection
EndGlobal
