
Microsoft Visual Studio Solution File, Format Version 12.00
# Visual Studio Version 16
VisualStudioVersion = 16.0.810.7
MinimumVisualStudioVersion = 10.0.40219.1
Project("{FAE04EC0-301F-11D3-BF4B-00C04F79EFBC}") = "tests", "tests.csproj", "{CA73BEF5-3CAA-4C36-A869-8E21B04140C2}"
EndProject
Global
	GlobalSection(SolutionConfigurationPlatforms) = preSolution
		Debug|Any CPU = Debug|Any CPU
		Release|Any CPU = Release|Any CPU
	EndGlobalSection
	GlobalSection(ProjectConfigurationPlatforms) = postSolution
		{CA73BEF5-3CAA-4C36-A869-8E21B04140C2}.Debug|Any CPU.ActiveCfg = Debug|Any CPU
		{CA73BEF5-3CAA-4C36-A869-8E21B04140C2}.Debug|Any CPU.Build.0 = Debug|Any CPU
		{CA73BEF5-3CAA-4C36-A869-8E21B04140C2}.Release|Any CPU.ActiveCfg = Release|Any CPU
		{CA73BEF5-3CAA-4C36-A869-8E21B04140C2}.Release|Any CPU.Build.0 = Release|Any CPU
	EndGlobalSection
	GlobalSection(SolutionProperties) = preSolution
		HideSolutionNode = FALSE
	EndGlobalSection
	GlobalSection(ExtensibilityGlobals) = postSolution
		SolutionGuid = {25C6FD86-0465-460A-910A-4FACD1D1C8C8}
	EndGlobalSection
EndGlobal
