
Microsoft Visual Studio Solution File, Format Version 12.00
# Visual Studio Version 16
VisualStudioVersion = 16.0.809.4
MinimumVisualStudioVersion = 10.0.40219.1
Project("{FAE04EC0-301F-11D3-BF4B-00C04F79EFBC}") = "CommonScenarios.Test", "CommonScenarios.Test.csproj", "{DB95BC0A-5997-4099-A946-CD4E1DC0A48F}"
EndProject
Global
	GlobalSection(SolutionConfigurationPlatforms) = preSolution
		Debug|Any CPU = Debug|Any CPU
		Release|Any CPU = Release|Any CPU
	EndGlobalSection
	GlobalSection(ProjectConfigurationPlatforms) = postSolution
		{DB95BC0A-5997-4099-A946-CD4E1DC0A48F}.Debug|Any CPU.ActiveCfg = Debug|Any CPU
		{DB95BC0A-5997-4099-A946-CD4E1DC0A48F}.Debug|Any CPU.Build.0 = Debug|Any CPU
		{DB95BC0A-5997-4099-A946-CD4E1DC0A48F}.Release|Any CPU.ActiveCfg = Release|Any CPU
		{DB95BC0A-5997-4099-A946-CD4E1DC0A48F}.Release|Any CPU.Build.0 = Release|Any CPU
	EndGlobalSection
	GlobalSection(SolutionProperties) = preSolution
		HideSolutionNode = FALSE
	EndGlobalSection
	GlobalSection(ExtensibilityGlobals) = postSolution
		SolutionGuid = {1AA7076E-1A0B-4625-BC1C-C5468850F334}
	EndGlobalSection
EndGlobal
