
Microsoft Visual Studio Solution File, Format Version 12.00
# Visual Studio Version 16
VisualStudioVersion = 16.0.809.8
MinimumVisualStudioVersion = 10.0.40219.1
Project("{FAE04EC0-301F-11D3-BF4B-00C04F79EFBC}") = "CommonScenarios", "CommonScenarios.csproj", "{B08C66F5-4E21-4F46-AEBC-0244DC3CC061}"
EndProject
Global
	GlobalSection(SolutionConfigurationPlatforms) = preSolution
		Debug|Any CPU = Debug|Any CPU
		Release|Any CPU = Release|Any CPU
	EndGlobalSection
	GlobalSection(ProjectConfigurationPlatforms) = postSolution
		{B08C66F5-4E21-4F46-AEBC-0244DC3CC061}.Debug|Any CPU.ActiveCfg = Debug|Any CPU
		{B08C66F5-4E21-4F46-AEBC-0244DC3CC061}.Debug|Any CPU.Build.0 = Debug|Any CPU
		{B08C66F5-4E21-4F46-AEBC-0244DC3CC061}.Release|Any CPU.ActiveCfg = Release|Any CPU
		{B08C66F5-4E21-4F46-AEBC-0244DC3CC061}.Release|Any CPU.Build.0 = Release|Any CPU
	EndGlobalSection
	GlobalSection(SolutionProperties) = preSolution
		HideSolutionNode = FALSE
	EndGlobalSection
	GlobalSection(ExtensibilityGlobals) = postSolution
		SolutionGuid = {A2D4E02D-C5BE-4377-8166-86B662908152}
	EndGlobalSection
EndGlobal
