
Microsoft Visual Studio Solution File, Format Version 12.00
# Visual Studio Version 16
VisualStudioVersion = 16.0.810.7
MinimumVisualStudioVersion = 10.0.40219.1
Project("{FAE04EC0-301F-11D3-BF4B-00C04F79EFBC}") = "ChainOfResponsibility", "ChainOfResponsibility.csproj", "{CC213357-6286-4714-A8F0-CD8037FD44D0}"
EndProject
Global
	GlobalSection(SolutionConfigurationPlatforms) = preSolution
		Debug|Any CPU = Debug|Any CPU
		Release|Any CPU = Release|Any CPU
	EndGlobalSection
	GlobalSection(ProjectConfigurationPlatforms) = postSolution
		{CC213357-6286-4714-A8F0-CD8037FD44D0}.Debug|Any CPU.ActiveCfg = Debug|Any CPU
		{CC213357-6286-4714-A8F0-CD8037FD44D0}.Debug|Any CPU.Build.0 = Debug|Any CPU
		{CC213357-6286-4714-A8F0-CD8037FD44D0}.Release|Any CPU.ActiveCfg = Release|Any CPU
		{CC213357-6286-4714-A8F0-CD8037FD44D0}.Release|Any CPU.Build.0 = Release|Any CPU
	EndGlobalSection
	GlobalSection(SolutionProperties) = preSolution
		HideSolutionNode = FALSE
	EndGlobalSection
	GlobalSection(ExtensibilityGlobals) = postSolution
		SolutionGuid = {F48A18C2-0D1E-471D-AFDA-83D8D3B0A770}
	EndGlobalSection
EndGlobal
